// !$*UTF8*$!
{
	archiveVersion = 1;
	classes = {
	};
	objectVersion = 48;
	objects = {

/* Begin PBXBuildFile section */
		6CA0D0C6B29EF9345C858B33 /* Pods_WeatherUITests.framework in Frameworks */ = {isa = PBXBuildFile; fileRef = 96D331515BFD5973C83922CF /* Pods_WeatherUITests.framework */; };
		7CF891BF5B7E4A6198EE5087 /* Pods_Weather.framework in Frameworks */ = {isa = PBXBuildFile; fileRef = C98C3335DEC07A1A727BAAAB /* Pods_Weather.framework */; };
		81398A081F74A08E00FD8E43 /* AppDelegate.swift in Sources */ = {isa = PBXBuildFile; fileRef = 81398A071F74A08E00FD8E43 /* AppDelegate.swift */; };
		81398A0D1F74A08E00FD8E43 /* Main.storyboard in Resources */ = {isa = PBXBuildFile; fileRef = 81398A0B1F74A08E00FD8E43 /* Main.storyboard */; };
		81398A121F74A08E00FD8E43 /* Assets.xcassets in Resources */ = {isa = PBXBuildFile; fileRef = 81398A111F74A08E00FD8E43 /* Assets.xcassets */; };
		81398A151F74A08E00FD8E43 /* LaunchScreen.storyboard in Resources */ = {isa = PBXBuildFile; fileRef = 81398A131F74A08E00FD8E43 /* LaunchScreen.storyboard */; };
		81398A201F74A08F00FD8E43 /* WeatherTests.swift in Sources */ = {isa = PBXBuildFile; fileRef = 81398A1F1F74A08F00FD8E43 /* WeatherTests.swift */; };
		81398A2B1F74A08F00FD8E43 /* WeatherUITests.swift in Sources */ = {isa = PBXBuildFile; fileRef = 81398A2A1F74A08F00FD8E43 /* WeatherUITests.swift */; };
		81398A3A1F74A2A800FD8E43 /* DatastoreCoordinator.swift in Sources */ = {isa = PBXBuildFile; fileRef = 81398A391F74A2A800FD8E43 /* DatastoreCoordinator.swift */; };
		81398A3C1F74A2E400FD8E43 /* ContextManager.swift in Sources */ = {isa = PBXBuildFile; fileRef = 81398A3B1F74A2E400FD8E43 /* ContextManager.swift */; };
		81398A481F74A5F800FD8E43 /* CityManager.swift in Sources */ = {isa = PBXBuildFile; fileRef = 81398A471F74A5F800FD8E43 /* CityManager.swift */; };
		81398A4C1F74A76D00FD8E43 /* Dictionary+Extension.swift in Sources */ = {isa = PBXBuildFile; fileRef = 81398A4B1F74A76D00FD8E43 /* Dictionary+Extension.swift */; };
		81398A4F1F74A9CE00FD8E43 /* LoadingViewController.swift in Sources */ = {isa = PBXBuildFile; fileRef = 81398A4E1F74A9CE00FD8E43 /* LoadingViewController.swift */; };
		81398A521F74ABCC00FD8E43 /* sun.jpg in Resources */ = {isa = PBXBuildFile; fileRef = 81398A511F74ABCC00FD8E43 /* sun.jpg */; };
		81398A531F74ADBC00FD8E43 /* city.list.json in Resources */ = {isa = PBXBuildFile; fileRef = 81398A491F74A62600FD8E43 /* city.list.json */; };
		81398A551F74AED000FD8E43 /* Weather.xcdatamodeld in Sources */ = {isa = PBXBuildFile; fileRef = 81398A0E1F74A08E00FD8E43 /* Weather.xcdatamodeld */; };
		81398A5B1F74C79A00FD8E43 /* HomeViewController.swift in Sources */ = {isa = PBXBuildFile; fileRef = 81398A5A1F74C79A00FD8E43 /* HomeViewController.swift */; };
		81398A5D1F74FABB00FD8E43 /* CityViewController.swift in Sources */ = {isa = PBXBuildFile; fileRef = 81398A5C1F74FABB00FD8E43 /* CityViewController.swift */; };
		81398A601F750A9700FD8E43 /* Constants.swift in Sources */ = {isa = PBXBuildFile; fileRef = 81398A5F1F750A9700FD8E43 /* Constants.swift */; };
		81398A641F75105700FD8E43 /* CitySearchTableViewCell.swift in Sources */ = {isa = PBXBuildFile; fileRef = 81398A621F75105700FD8E43 /* CitySearchTableViewCell.swift */; };
		81398A651F75105700FD8E43 /* CitySearchTableViewCell.xib in Resources */ = {isa = PBXBuildFile; fileRef = 81398A631F75105700FD8E43 /* CitySearchTableViewCell.xib */; };
		81398A671F75389B00FD8E43 /* City+CoreDataProperties.swift in Sources */ = {isa = PBXBuildFile; fileRef = 81398A661F75389B00FD8E43 /* City+CoreDataProperties.swift */; };
		81398A691F75389D00FD8E43 /* City+CoreDataClass.swift in Sources */ = {isa = PBXBuildFile; fileRef = 81398A681F75389D00FD8E43 /* City+CoreDataClass.swift */; };
		94D4111DAA6C55D593A4AE3C /* Pods_WeatherTests.framework in Frameworks */ = {isa = PBXBuildFile; fileRef = 201C469C845C96F24A27F1BA /* Pods_WeatherTests.framework */; };
/* End PBXBuildFile section */

/* Begin PBXContainerItemProxy section */
		81398A1C1F74A08F00FD8E43 /* PBXContainerItemProxy */ = {
			isa = PBXContainerItemProxy;
			containerPortal = 813989FC1F74A08E00FD8E43 /* Project object */;
			proxyType = 1;
			remoteGlobalIDString = 81398A031F74A08E00FD8E43;
			remoteInfo = Weather;
		};
		81398A271F74A08F00FD8E43 /* PBXContainerItemProxy */ = {
			isa = PBXContainerItemProxy;
			containerPortal = 813989FC1F74A08E00FD8E43 /* Project object */;
			proxyType = 1;
			remoteGlobalIDString = 81398A031F74A08E00FD8E43;
			remoteInfo = Weather;
		};
/* End PBXContainerItemProxy section */

/* Begin PBXFileReference section */
		201C469C845C96F24A27F1BA /* Pods_WeatherTests.framework */ = {isa = PBXFileReference; explicitFileType = wrapper.framework; includeInIndex = 0; path = Pods_WeatherTests.framework; sourceTree = BUILT_PRODUCTS_DIR; };
		308E570D72C6CBE7E220CC53 /* Pods-Weather.debug.xcconfig */ = {isa = PBXFileReference; includeInIndex = 1; lastKnownFileType = text.xcconfig; name = "Pods-Weather.debug.xcconfig"; path = "Pods/Target Support Files/Pods-Weather/Pods-Weather.debug.xcconfig"; sourceTree = "<group>"; };
		693F8F5C203819BCC4C698C4 /* Pods-WeatherTests.release.xcconfig */ = {isa = PBXFileReference; includeInIndex = 1; lastKnownFileType = text.xcconfig; name = "Pods-WeatherTests.release.xcconfig"; path = "Pods/Target Support Files/Pods-WeatherTests/Pods-WeatherTests.release.xcconfig"; sourceTree = "<group>"; };
		81398A041F74A08E00FD8E43 /* Weather.app */ = {isa = PBXFileReference; explicitFileType = wrapper.application; includeInIndex = 0; path = Weather.app; sourceTree = BUILT_PRODUCTS_DIR; };
		81398A071F74A08E00FD8E43 /* AppDelegate.swift */ = {isa = PBXFileReference; lastKnownFileType = sourcecode.swift; path = AppDelegate.swift; sourceTree = "<group>"; };
		81398A0C1F74A08E00FD8E43 /* Base */ = {isa = PBXFileReference; lastKnownFileType = file.storyboard; name = Base; path = Base.lproj/Main.storyboard; sourceTree = "<group>"; };
		81398A0F1F74A08E00FD8E43 /* Weather.xcdatamodel */ = {isa = PBXFileReference; lastKnownFileType = wrapper.xcdatamodel; path = Weather.xcdatamodel; sourceTree = "<group>"; };
		81398A111F74A08E00FD8E43 /* Assets.xcassets */ = {isa = PBXFileReference; lastKnownFileType = folder.assetcatalog; path = Assets.xcassets; sourceTree = "<group>"; };
		81398A141F74A08E00FD8E43 /* Base */ = {isa = PBXFileReference; lastKnownFileType = file.storyboard; name = Base; path = Base.lproj/LaunchScreen.storyboard; sourceTree = "<group>"; };
		81398A161F74A08E00FD8E43 /* Info.plist */ = {isa = PBXFileReference; lastKnownFileType = text.plist.xml; path = Info.plist; sourceTree = "<group>"; };
		81398A1B1F74A08F00FD8E43 /* WeatherTests.xctest */ = {isa = PBXFileReference; explicitFileType = wrapper.cfbundle; includeInIndex = 0; path = WeatherTests.xctest; sourceTree = BUILT_PRODUCTS_DIR; };
		81398A1F1F74A08F00FD8E43 /* WeatherTests.swift */ = {isa = PBXFileReference; lastKnownFileType = sourcecode.swift; path = WeatherTests.swift; sourceTree = "<group>"; };
		81398A211F74A08F00FD8E43 /* Info.plist */ = {isa = PBXFileReference; lastKnownFileType = text.plist.xml; path = Info.plist; sourceTree = "<group>"; };
		81398A261F74A08F00FD8E43 /* WeatherUITests.xctest */ = {isa = PBXFileReference; explicitFileType = wrapper.cfbundle; includeInIndex = 0; path = WeatherUITests.xctest; sourceTree = BUILT_PRODUCTS_DIR; };
		81398A2A1F74A08F00FD8E43 /* WeatherUITests.swift */ = {isa = PBXFileReference; lastKnownFileType = sourcecode.swift; path = WeatherUITests.swift; sourceTree = "<group>"; };
		81398A2C1F74A08F00FD8E43 /* Info.plist */ = {isa = PBXFileReference; lastKnownFileType = text.plist.xml; path = Info.plist; sourceTree = "<group>"; };
		81398A391F74A2A800FD8E43 /* DatastoreCoordinator.swift */ = {isa = PBXFileReference; lastKnownFileType = sourcecode.swift; path = DatastoreCoordinator.swift; sourceTree = "<group>"; };
		81398A3B1F74A2E400FD8E43 /* ContextManager.swift */ = {isa = PBXFileReference; lastKnownFileType = sourcecode.swift; path = ContextManager.swift; sourceTree = "<group>"; };
		81398A471F74A5F800FD8E43 /* CityManager.swift */ = {isa = PBXFileReference; lastKnownFileType = sourcecode.swift; path = CityManager.swift; sourceTree = "<group>"; };
		81398A491F74A62600FD8E43 /* city.list.json */ = {isa = PBXFileReference; lastKnownFileType = text.json; path = city.list.json; sourceTree = "<group>"; };
		81398A4B1F74A76D00FD8E43 /* Dictionary+Extension.swift */ = {isa = PBXFileReference; lastKnownFileType = sourcecode.swift; path = "Dictionary+Extension.swift"; sourceTree = "<group>"; };
		81398A4E1F74A9CE00FD8E43 /* LoadingViewController.swift */ = {isa = PBXFileReference; lastKnownFileType = sourcecode.swift; path = LoadingViewController.swift; sourceTree = "<group>"; };
		81398A511F74ABCC00FD8E43 /* sun.jpg */ = {isa = PBXFileReference; lastKnownFileType = image.jpeg; path = sun.jpg; sourceTree = "<group>"; };
		81398A5A1F74C79A00FD8E43 /* HomeViewController.swift */ = {isa = PBXFileReference; lastKnownFileType = sourcecode.swift; path = HomeViewController.swift; sourceTree = "<group>"; };
		81398A5C1F74FABB00FD8E43 /* CityViewController.swift */ = {isa = PBXFileReference; lastKnownFileType = sourcecode.swift; path = CityViewController.swift; sourceTree = "<group>"; };
		81398A5F1F750A9700FD8E43 /* Constants.swift */ = {isa = PBXFileReference; lastKnownFileType = sourcecode.swift; path = Constants.swift; sourceTree = "<group>"; };
		81398A621F75105700FD8E43 /* CitySearchTableViewCell.swift */ = {isa = PBXFileReference; lastKnownFileType = sourcecode.swift; path = CitySearchTableViewCell.swift; sourceTree = "<group>"; };
		81398A631F75105700FD8E43 /* CitySearchTableViewCell.xib */ = {isa = PBXFileReference; lastKnownFileType = file.xib; path = CitySearchTableViewCell.xib; sourceTree = "<group>"; };
		81398A661F75389B00FD8E43 /* City+CoreDataProperties.swift */ = {isa = PBXFileReference; lastKnownFileType = sourcecode.swift; name = "City+CoreDataProperties.swift"; path = "/Users/cyuan/Documents/Weather/Weather/CoreData/Entity/City+CoreDataProperties.swift"; sourceTree = "<absolute>"; };
		81398A681F75389D00FD8E43 /* City+CoreDataClass.swift */ = {isa = PBXFileReference; lastKnownFileType = sourcecode.swift; name = "City+CoreDataClass.swift"; path = "/Users/cyuan/Documents/Weather/Weather/CoreData/Entity/City+CoreDataClass.swift"; sourceTree = "<absolute>"; };
		96D331515BFD5973C83922CF /* Pods_WeatherUITests.framework */ = {isa = PBXFileReference; explicitFileType = wrapper.framework; includeInIndex = 0; path = Pods_WeatherUITests.framework; sourceTree = BUILT_PRODUCTS_DIR; };
		B7A678AD51F739F67DC22B02 /* Pods-Weather.release.xcconfig */ = {isa = PBXFileReference; includeInIndex = 1; lastKnownFileType = text.xcconfig; name = "Pods-Weather.release.xcconfig"; path = "Pods/Target Support Files/Pods-Weather/Pods-Weather.release.xcconfig"; sourceTree = "<group>"; };
		B9F915D30FC8E281A81BFFBA /* Pods-WeatherUITests.debug.xcconfig */ = {isa = PBXFileReference; includeInIndex = 1; lastKnownFileType = text.xcconfig; name = "Pods-WeatherUITests.debug.xcconfig"; path = "Pods/Target Support Files/Pods-WeatherUITests/Pods-WeatherUITests.debug.xcconfig"; sourceTree = "<group>"; };
		C98C3335DEC07A1A727BAAAB /* Pods_Weather.framework */ = {isa = PBXFileReference; explicitFileType = wrapper.framework; includeInIndex = 0; path = Pods_Weather.framework; sourceTree = BUILT_PRODUCTS_DIR; };
		D82D5FBC11466F0823AE3639 /* Pods-WeatherUITests.release.xcconfig */ = {isa = PBXFileReference; includeInIndex = 1; lastKnownFileType = text.xcconfig; name = "Pods-WeatherUITests.release.xcconfig"; path = "Pods/Target Support Files/Pods-WeatherUITests/Pods-WeatherUITests.release.xcconfig"; sourceTree = "<group>"; };
		F88FCA3CB0F73BD35232D9D2 /* Pods-WeatherTests.debug.xcconfig */ = {isa = PBXFileReference; includeInIndex = 1; lastKnownFileType = text.xcconfig; name = "Pods-WeatherTests.debug.xcconfig"; path = "Pods/Target Support Files/Pods-WeatherTests/Pods-WeatherTests.debug.xcconfig"; sourceTree = "<group>"; };
/* End PBXFileReference section */

/* Begin PBXFrameworksBuildPhase section */
		81398A011F74A08E00FD8E43 /* Frameworks */ = {
			isa = PBXFrameworksBuildPhase;
			buildActionMask = 2147483647;
			files = (
				7CF891BF5B7E4A6198EE5087 /* Pods_Weather.framework in Frameworks */,
			);
			runOnlyForDeploymentPostprocessing = 0;
		};
		81398A181F74A08F00FD8E43 /* Frameworks */ = {
			isa = PBXFrameworksBuildPhase;
			buildActionMask = 2147483647;
			files = (
				94D4111DAA6C55D593A4AE3C /* Pods_WeatherTests.framework in Frameworks */,
			);
			runOnlyForDeploymentPostprocessing = 0;
		};
		81398A231F74A08F00FD8E43 /* Frameworks */ = {
			isa = PBXFrameworksBuildPhase;
			buildActionMask = 2147483647;
			files = (
				6CA0D0C6B29EF9345C858B33 /* Pods_WeatherUITests.framework in Frameworks */,
			);
			runOnlyForDeploymentPostprocessing = 0;
		};
/* End PBXFrameworksBuildPhase section */

/* Begin PBXGroup section */
		2DBA55E744E10CC98DB49E2A /* Pods */ = {
			isa = PBXGroup;
			children = (
				308E570D72C6CBE7E220CC53 /* Pods-Weather.debug.xcconfig */,
				B7A678AD51F739F67DC22B02 /* Pods-Weather.release.xcconfig */,
				F88FCA3CB0F73BD35232D9D2 /* Pods-WeatherTests.debug.xcconfig */,
				693F8F5C203819BCC4C698C4 /* Pods-WeatherTests.release.xcconfig */,
				B9F915D30FC8E281A81BFFBA /* Pods-WeatherUITests.debug.xcconfig */,
				D82D5FBC11466F0823AE3639 /* Pods-WeatherUITests.release.xcconfig */,
			);
			name = Pods;
			sourceTree = "<group>";
		};
		813989FB1F74A08E00FD8E43 = {
			isa = PBXGroup;
			children = (
				81398A061F74A08E00FD8E43 /* Weather */,
				81398A1E1F74A08F00FD8E43 /* WeatherTests */,
				81398A291F74A08F00FD8E43 /* WeatherUITests */,
				81398A051F74A08E00FD8E43 /* Products */,
				2DBA55E744E10CC98DB49E2A /* Pods */,
				B06ACABA5426F187FE8C1F34 /* Frameworks */,
			);
			sourceTree = "<group>";
		};
		81398A051F74A08E00FD8E43 /* Products */ = {
			isa = PBXGroup;
			children = (
				81398A041F74A08E00FD8E43 /* Weather.app */,
				81398A1B1F74A08F00FD8E43 /* WeatherTests.xctest */,
				81398A261F74A08F00FD8E43 /* WeatherUITests.xctest */,
			);
			name = Products;
			sourceTree = "<group>";
		};
		81398A061F74A08E00FD8E43 /* Weather */ = {
			isa = PBXGroup;
			children = (
				81398A611F75100900FD8E43 /* Cell */,
				81398A5E1F750A7D00FD8E43 /* Util */,
				81398A501F74ABBA00FD8E43 /* Resource */,
				81398A4D1F74A9AC00FD8E43 /* ViewController */,
				81398A4A1F74A75500FD8E43 /* Extension */,
				81398A461F74A5E800FD8E43 /* Manager */,
				81398A381F74A21600FD8E43 /* CoreData */,
				81398A071F74A08E00FD8E43 /* AppDelegate.swift */,
				81398A0B1F74A08E00FD8E43 /* Main.storyboard */,
				81398A111F74A08E00FD8E43 /* Assets.xcassets */,
				81398A131F74A08E00FD8E43 /* LaunchScreen.storyboard */,
				81398A161F74A08E00FD8E43 /* Info.plist */,
			);
			path = Weather;
			sourceTree = "<group>";
		};
		81398A1E1F74A08F00FD8E43 /* WeatherTests */ = {
			isa = PBXGroup;
			children = (
				81398A1F1F74A08F00FD8E43 /* WeatherTests.swift */,
				81398A211F74A08F00FD8E43 /* Info.plist */,
			);
			path = WeatherTests;
			sourceTree = "<group>";
		};
		81398A291F74A08F00FD8E43 /* WeatherUITests */ = {
			isa = PBXGroup;
			children = (
				81398A2A1F74A08F00FD8E43 /* WeatherUITests.swift */,
				81398A2C1F74A08F00FD8E43 /* Info.plist */,
			);
			path = WeatherUITests;
			sourceTree = "<group>";
		};
		81398A381F74A21600FD8E43 /* CoreData */ = {
			isa = PBXGroup;
			children = (
				81398A3D1F74A49000FD8E43 /* Entity */,
				81398A0E1F74A08E00FD8E43 /* Weather.xcdatamodeld */,
				81398A391F74A2A800FD8E43 /* DatastoreCoordinator.swift */,
				81398A3B1F74A2E400FD8E43 /* ContextManager.swift */,
			);
			path = CoreData;
			sourceTree = "<group>";
		};
		81398A3D1F74A49000FD8E43 /* Entity */ = {
			isa = PBXGroup;
			children = (
				81398A681F75389D00FD8E43 /* City+CoreDataClass.swift */,
				81398A661F75389B00FD8E43 /* City+CoreDataProperties.swift */,
			);
			path = Entity;
			sourceTree = "<group>";
		};
		81398A461F74A5E800FD8E43 /* Manager */ = {
			isa = PBXGroup;
			children = (
				81398A491F74A62600FD8E43 /* city.list.json */,
				81398A471F74A5F800FD8E43 /* CityManager.swift */,
			);
			path = Manager;
			sourceTree = "<group>";
		};
		81398A4A1F74A75500FD8E43 /* Extension */ = {
			isa = PBXGroup;
			children = (
				81398A4B1F74A76D00FD8E43 /* Dictionary+Extension.swift */,
			);
			path = Extension;
			sourceTree = "<group>";
		};
		81398A4D1F74A9AC00FD8E43 /* ViewController */ = {
			isa = PBXGroup;
			children = (
				81398A5A1F74C79A00FD8E43 /* HomeViewController.swift */,
				81398A4E1F74A9CE00FD8E43 /* LoadingViewController.swift */,
				81398A5C1F74FABB00FD8E43 /* CityViewController.swift */,
			);
			path = ViewController;
			sourceTree = "<group>";
		};
		81398A501F74ABBA00FD8E43 /* Resource */ = {
			isa = PBXGroup;
			children = (
				81398A511F74ABCC00FD8E43 /* sun.jpg */,
			);
			path = Resource;
			sourceTree = "<group>";
		};
		81398A5E1F750A7D00FD8E43 /* Util */ = {
			isa = PBXGroup;
			children = (
				81398A5F1F750A9700FD8E43 /* Constants.swift */,
			);
			path = Util;
			sourceTree = "<group>";
		};
		81398A611F75100900FD8E43 /* Cell */ = {
			isa = PBXGroup;
			children = (
				81398A621F75105700FD8E43 /* CitySearchTableViewCell.swift */,
				81398A631F75105700FD8E43 /* CitySearchTableViewCell.xib */,
			);
			path = Cell;
			sourceTree = "<group>";
		};
		B06ACABA5426F187FE8C1F34 /* Frameworks */ = {
			isa = PBXGroup;
			children = (
				C98C3335DEC07A1A727BAAAB /* Pods_Weather.framework */,
				201C469C845C96F24A27F1BA /* Pods_WeatherTests.framework */,
				96D331515BFD5973C83922CF /* Pods_WeatherUITests.framework */,
			);
			name = Frameworks;
			sourceTree = "<group>";
		};
/* End PBXGroup section */

/* Begin PBXNativeTarget section */
		81398A031F74A08E00FD8E43 /* Weather */ = {
			isa = PBXNativeTarget;
			buildConfigurationList = 81398A2F1F74A08F00FD8E43 /* Build configuration list for PBXNativeTarget "Weather" */;
			buildPhases = (
				4934208E48B60950EA1B873F /* [CP] Check Pods Manifest.lock */,
				81398A001F74A08E00FD8E43 /* Sources */,
				81398A011F74A08E00FD8E43 /* Frameworks */,
				81398A021F74A08E00FD8E43 /* Resources */,
				D72A8A6A51A7E9DC967C132F /* [CP] Embed Pods Frameworks */,
				EAAA9C41CAF48B6920B13225 /* [CP] Copy Pods Resources */,
			);
			buildRules = (
			);
			dependencies = (
			);
			name = Weather;
			productName = Weather;
			productReference = 81398A041F74A08E00FD8E43 /* Weather.app */;
			productType = "com.apple.product-type.application";
		};
		81398A1A1F74A08F00FD8E43 /* WeatherTests */ = {
			isa = PBXNativeTarget;
			buildConfigurationList = 81398A321F74A08F00FD8E43 /* Build configuration list for PBXNativeTarget "WeatherTests" */;
			buildPhases = (
				09EC8FE4ED8CD9607A980204 /* [CP] Check Pods Manifest.lock */,
				81398A171F74A08F00FD8E43 /* Sources */,
				81398A181F74A08F00FD8E43 /* Frameworks */,
				81398A191F74A08F00FD8E43 /* Resources */,
				C6854C39BC0E655442BFD8E2 /* [CP] Embed Pods Frameworks */,
				151F4B63F96B99203E3D90BF /* [CP] Copy Pods Resources */,
			);
			buildRules = (
			);
			dependencies = (
				81398A1D1F74A08F00FD8E43 /* PBXTargetDependency */,
			);
			name = WeatherTests;
			productName = WeatherTests;
			productReference = 81398A1B1F74A08F00FD8E43 /* WeatherTests.xctest */;
			productType = "com.apple.product-type.bundle.unit-test";
		};
		81398A251F74A08F00FD8E43 /* WeatherUITests */ = {
			isa = PBXNativeTarget;
			buildConfigurationList = 81398A351F74A08F00FD8E43 /* Build configuration list for PBXNativeTarget "WeatherUITests" */;
			buildPhases = (
				EBC1D9BD49221F30912E7C90 /* [CP] Check Pods Manifest.lock */,
				81398A221F74A08F00FD8E43 /* Sources */,
				81398A231F74A08F00FD8E43 /* Frameworks */,
				81398A241F74A08F00FD8E43 /* Resources */,
				B2F4E84B18143B9065076082 /* [CP] Embed Pods Frameworks */,
				F2F7507B1DE9238F81EA9B17 /* [CP] Copy Pods Resources */,
			);
			buildRules = (
			);
			dependencies = (
				81398A281F74A08F00FD8E43 /* PBXTargetDependency */,
			);
			name = WeatherUITests;
			productName = WeatherUITests;
			productReference = 81398A261F74A08F00FD8E43 /* WeatherUITests.xctest */;
			productType = "com.apple.product-type.bundle.ui-testing";
		};
/* End PBXNativeTarget section */

/* Begin PBXProject section */
		813989FC1F74A08E00FD8E43 /* Project object */ = {
			isa = PBXProject;
			attributes = {
				LastSwiftUpdateCheck = 0900;
				LastUpgradeCheck = 0900;
				ORGANIZATIONNAME = "Chao Yuan";
				TargetAttributes = {
					81398A031F74A08E00FD8E43 = {
						CreatedOnToolsVersion = 9.0;
						ProvisioningStyle = Automatic;
					};
					81398A1A1F74A08F00FD8E43 = {
						CreatedOnToolsVersion = 9.0;
						ProvisioningStyle = Automatic;
						TestTargetID = 81398A031F74A08E00FD8E43;
					};
					81398A251F74A08F00FD8E43 = {
						CreatedOnToolsVersion = 9.0;
						ProvisioningStyle = Automatic;
						TestTargetID = 81398A031F74A08E00FD8E43;
					};
				};
			};
			buildConfigurationList = 813989FF1F74A08E00FD8E43 /* Build configuration list for PBXProject "Weather" */;
			compatibilityVersion = "Xcode 8.0";
			developmentRegion = en;
			hasScannedForEncodings = 0;
			knownRegions = (
				en,
				Base,
			);
			mainGroup = 813989FB1F74A08E00FD8E43;
			productRefGroup = 81398A051F74A08E00FD8E43 /* Products */;
			projectDirPath = "";
			projectRoot = "";
			targets = (
				81398A031F74A08E00FD8E43 /* Weather */,
				81398A1A1F74A08F00FD8E43 /* WeatherTests */,
				81398A251F74A08F00FD8E43 /* WeatherUITests */,
			);
		};
/* End PBXProject section */

/* Begin PBXResourcesBuildPhase section */
		81398A021F74A08E00FD8E43 /* Resources */ = {
			isa = PBXResourcesBuildPhase;
			buildActionMask = 2147483647;
			files = (
				81398A521F74ABCC00FD8E43 /* sun.jpg in Resources */,
				81398A531F74ADBC00FD8E43 /* city.list.json in Resources */,
				81398A151F74A08E00FD8E43 /* LaunchScreen.storyboard in Resources */,
				81398A121F74A08E00FD8E43 /* Assets.xcassets in Resources */,
				81398A651F75105700FD8E43 /* CitySearchTableViewCell.xib in Resources */,
				81398A0D1F74A08E00FD8E43 /* Main.storyboard in Resources */,
			);
			runOnlyForDeploymentPostprocessing = 0;
		};
		81398A191F74A08F00FD8E43 /* Resources */ = {
			isa = PBXResourcesBuildPhase;
			buildActionMask = 2147483647;
			files = (
			);
			runOnlyForDeploymentPostprocessing = 0;
		};
		81398A241F74A08F00FD8E43 /* Resources */ = {
			isa = PBXResourcesBuildPhase;
			buildActionMask = 2147483647;
			files = (
			);
			runOnlyForDeploymentPostprocessing = 0;
		};
/* End PBXResourcesBuildPhase section */

/* Begin PBXShellScriptBuildPhase section */
		09EC8FE4ED8CD9607A980204 /* [CP] Check Pods Manifest.lock */ = {
			isa = PBXShellScriptBuildPhase;
			buildActionMask = 2147483647;
			files = (
			);
			inputPaths = (
			);
			name = "[CP] Check Pods Manifest.lock";
			outputPaths = (
			);
			runOnlyForDeploymentPostprocessing = 0;
			shellPath = /bin/sh;
			shellScript = "diff \"${PODS_PODFILE_DIR_PATH}/Podfile.lock\" \"${PODS_ROOT}/Manifest.lock\" > /dev/null\nif [ $? != 0 ] ; then\n    # print error to STDERR\n    echo \"error: The sandbox is not in sync with the Podfile.lock. Run 'pod install' or update your CocoaPods installation.\" >&2\n    exit 1\nfi\n";
			showEnvVarsInLog = 0;
		};
		151F4B63F96B99203E3D90BF /* [CP] Copy Pods Resources */ = {
			isa = PBXShellScriptBuildPhase;
			buildActionMask = 2147483647;
			files = (
			);
			inputPaths = (
			);
			name = "[CP] Copy Pods Resources";
			outputPaths = (
			);
			runOnlyForDeploymentPostprocessing = 0;
			shellPath = /bin/sh;
			shellScript = "\"${SRCROOT}/Pods/Target Support Files/Pods-WeatherTests/Pods-WeatherTests-resources.sh\"\n";
			showEnvVarsInLog = 0;
		};
		4934208E48B60950EA1B873F /* [CP] Check Pods Manifest.lock */ = {
			isa = PBXShellScriptBuildPhase;
			buildActionMask = 2147483647;
			files = (
			);
			inputPaths = (
			);
			name = "[CP] Check Pods Manifest.lock";
			outputPaths = (
			);
			runOnlyForDeploymentPostprocessing = 0;
			shellPath = /bin/sh;
			shellScript = "diff \"${PODS_PODFILE_DIR_PATH}/Podfile.lock\" \"${PODS_ROOT}/Manifest.lock\" > /dev/null\nif [ $? != 0 ] ; then\n    # print error to STDERR\n    echo \"error: The sandbox is not in sync with the Podfile.lock. Run 'pod install' or update your CocoaPods installation.\" >&2\n    exit 1\nfi\n";
			showEnvVarsInLog = 0;
		};
		B2F4E84B18143B9065076082 /* [CP] Embed Pods Frameworks */ = {
			isa = PBXShellScriptBuildPhase;
			buildActionMask = 2147483647;
			files = (
			);
			inputPaths = (
			);
			name = "[CP] Embed Pods Frameworks";
			outputPaths = (
			);
			runOnlyForDeploymentPostprocessing = 0;
			shellPath = /bin/sh;
			shellScript = "\"${SRCROOT}/Pods/Target Support Files/Pods-WeatherUITests/Pods-WeatherUITests-frameworks.sh\"\n";
			showEnvVarsInLog = 0;
		};
		C6854C39BC0E655442BFD8E2 /* [CP] Embed Pods Frameworks */ = {
			isa = PBXShellScriptBuildPhase;
			buildActionMask = 2147483647;
			files = (
			);
			inputPaths = (
			);
			name = "[CP] Embed Pods Frameworks";
			outputPaths = (
			);
			runOnlyForDeploymentPostprocessing = 0;
			shellPath = /bin/sh;
			shellScript = "\"${SRCROOT}/Pods/Target Support Files/Pods-WeatherTests/Pods-WeatherTests-frameworks.sh\"\n";
			showEnvVarsInLog = 0;
		};
		D72A8A6A51A7E9DC967C132F /* [CP] Embed Pods Frameworks */ = {
			isa = PBXShellScriptBuildPhase;
			buildActionMask = 2147483647;
			files = (
			);
			inputPaths = (
			);
			name = "[CP] Embed Pods Frameworks";
			outputPaths = (
			);
			runOnlyForDeploymentPostprocessing = 0;
			shellPath = /bin/sh;
			shellScript = "\"${SRCROOT}/Pods/Target Support Files/Pods-Weather/Pods-Weather-frameworks.sh\"\n";
			showEnvVarsInLog = 0;
		};
		EAAA9C41CAF48B6920B13225 /* [CP] Copy Pods Resources */ = {
			isa = PBXShellScriptBuildPhase;
			buildActionMask = 2147483647;
			files = (
			);
			inputPaths = (
			);
			name = "[CP] Copy Pods Resources";
			outputPaths = (
			);
			runOnlyForDeploymentPostprocessing = 0;
			shellPath = /bin/sh;
			shellScript = "\"${SRCROOT}/Pods/Target Support Files/Pods-Weather/Pods-Weather-resources.sh\"\n";
			showEnvVarsInLog = 0;
		};
		EBC1D9BD49221F30912E7C90 /* [CP] Check Pods Manifest.lock */ = {
			isa = PBXShellScriptBuildPhase;
			buildActionMask = 2147483647;
			files = (
			);
			inputPaths = (
			);
			name = "[CP] Check Pods Manifest.lock";
			outputPaths = (
			);
			runOnlyForDeploymentPostprocessing = 0;
			shellPath = /bin/sh;
			shellScript = "diff \"${PODS_PODFILE_DIR_PATH}/Podfile.lock\" \"${PODS_ROOT}/Manifest.lock\" > /dev/null\nif [ $? != 0 ] ; then\n    # print error to STDERR\n    echo \"error: The sandbox is not in sync with the Podfile.lock. Run 'pod install' or update your CocoaPods installation.\" >&2\n    exit 1\nfi\n";
			showEnvVarsInLog = 0;
		};
		F2F7507B1DE9238F81EA9B17 /* [CP] Copy Pods Resources */ = {
			isa = PBXShellScriptBuildPhase;
			buildActionMask = 2147483647;
			files = (
			);
			inputPaths = (
			);
			name = "[CP] Copy Pods Resources";
			outputPaths = (
			);
			runOnlyForDeploymentPostprocessing = 0;
			shellPath = /bin/sh;
			shellScript = "\"${SRCROOT}/Pods/Target Support Files/Pods-WeatherUITests/Pods-WeatherUITests-resources.sh\"\n";
			showEnvVarsInLog = 0;
		};
/* End PBXShellScriptBuildPhase section */

/* Begin PBXSourcesBuildPhase section */
		81398A001F74A08E00FD8E43 /* Sources */ = {
			isa = PBXSourcesBuildPhase;
			buildActionMask = 2147483647;
			files = (
				81398A481F74A5F800FD8E43 /* CityManager.swift in Sources */,
				81398A3A1F74A2A800FD8E43 /* DatastoreCoordinator.swift in Sources */,
				81398A691F75389D00FD8E43 /* City+CoreDataClass.swift in Sources */,
				81398A3C1F74A2E400FD8E43 /* ContextManager.swift in Sources */,
				81398A5D1F74FABB00FD8E43 /* CityViewController.swift in Sources */,
				81398A671F75389B00FD8E43 /* City+CoreDataProperties.swift in Sources */,
				81398A5B1F74C79A00FD8E43 /* HomeViewController.swift in Sources */,
				81398A4F1F74A9CE00FD8E43 /* LoadingViewController.swift in Sources */,
				81398A551F74AED000FD8E43 /* Weather.xcdatamodeld in Sources */,
				81398A641F75105700FD8E43 /* CitySearchTableViewCell.swift in Sources */,
				81398A4C1F74A76D00FD8E43 /* Dictionary+Extension.swift in Sources */,
				81398A081F74A08E00FD8E43 /* AppDelegate.swift in Sources */,
				81398A601F750A9700FD8E43 /* Constants.swift in Sources */,
			);
			runOnlyForDeploymentPostprocessing = 0;
		};
		81398A171F74A08F00FD8E43 /* Sources */ = {
			isa = PBXSourcesBuildPhase;
			buildActionMask = 2147483647;
			files = (
				81398A201F74A08F00FD8E43 /* WeatherTests.swift in Sources */,
			);
			runOnlyForDeploymentPostprocessing = 0;
		};
		81398A221F74A08F00FD8E43 /* Sources */ = {
			isa = PBXSourcesBuildPhase;
			buildActionMask = 2147483647;
			files = (
				81398A2B1F74A08F00FD8E43 /* WeatherUITests.swift in Sources */,
			);
			runOnlyForDeploymentPostprocessing = 0;
		};
/* End PBXSourcesBuildPhase section */

/* Begin PBXTargetDependency section */
		81398A1D1F74A08F00FD8E43 /* PBXTargetDependency */ = {
			isa = PBXTargetDependency;
			target = 81398A031F74A08E00FD8E43 /* Weather */;
			targetProxy = 81398A1C1F74A08F00FD8E43 /* PBXContainerItemProxy */;
		};
		81398A281F74A08F00FD8E43 /* PBXTargetDependency */ = {
			isa = PBXTargetDependency;
			target = 81398A031F74A08E00FD8E43 /* Weather */;
			targetProxy = 81398A271F74A08F00FD8E43 /* PBXContainerItemProxy */;
		};
/* End PBXTargetDependency section */

/* Begin PBXVariantGroup section */
		81398A0B1F74A08E00FD8E43 /* Main.storyboard */ = {
			isa = PBXVariantGroup;
			children = (
				81398A0C1F74A08E00FD8E43 /* Base */,
			);
			name = Main.storyboard;
			sourceTree = "<group>";
		};
		81398A131F74A08E00FD8E43 /* LaunchScreen.storyboard */ = {
			isa = PBXVariantGroup;
			children = (
				81398A141F74A08E00FD8E43 /* Base */,
			);
			name = LaunchScreen.storyboard;
			sourceTree = "<group>";
		};
/* End PBXVariantGroup section */

/* Begin XCBuildConfiguration section */
		81398A2D1F74A08F00FD8E43 /* Debug */ = {
			isa = XCBuildConfiguration;
			buildSettings = {
				ALWAYS_SEARCH_USER_PATHS = NO;
				CLANG_ANALYZER_NONNULL = YES;
				CLANG_ANALYZER_NUMBER_OBJECT_CONVERSION = YES_AGGRESSIVE;
				CLANG_CXX_LANGUAGE_STANDARD = "gnu++14";
				CLANG_CXX_LIBRARY = "libc++";
				CLANG_ENABLE_MODULES = YES;
				CLANG_ENABLE_OBJC_ARC = YES;
				CLANG_WARN_BLOCK_CAPTURE_AUTORELEASING = YES;
				CLANG_WARN_BOOL_CONVERSION = YES;
				CLANG_WARN_COMMA = YES;
				CLANG_WARN_CONSTANT_CONVERSION = YES;
				CLANG_WARN_DIRECT_OBJC_ISA_USAGE = YES_ERROR;
				CLANG_WARN_DOCUMENTATION_COMMENTS = YES;
				CLANG_WARN_EMPTY_BODY = YES;
				CLANG_WARN_ENUM_CONVERSION = YES;
				CLANG_WARN_INFINITE_RECURSION = YES;
				CLANG_WARN_INT_CONVERSION = YES;
				CLANG_WARN_NON_LITERAL_NULL_CONVERSION = YES;
				CLANG_WARN_OBJC_LITERAL_CONVERSION = YES;
				CLANG_WARN_OBJC_ROOT_CLASS = YES_ERROR;
				CLANG_WARN_RANGE_LOOP_ANALYSIS = YES;
				CLANG_WARN_STRICT_PROTOTYPES = YES;
				CLANG_WARN_SUSPICIOUS_MOVE = YES;
				CLANG_WARN_UNGUARDED_AVAILABILITY = YES_AGGRESSIVE;
				CLANG_WARN_UNREACHABLE_CODE = YES;
				CLANG_WARN__DUPLICATE_METHOD_MATCH = YES;
				CODE_SIGN_IDENTITY = "iPhone Developer";
				COPY_PHASE_STRIP = NO;
				DEBUG_INFORMATION_FORMAT = dwarf;
				ENABLE_STRICT_OBJC_MSGSEND = YES;
				ENABLE_TESTABILITY = YES;
				GCC_C_LANGUAGE_STANDARD = gnu11;
				GCC_DYNAMIC_NO_PIC = NO;
				GCC_NO_COMMON_BLOCKS = YES;
				GCC_OPTIMIZATION_LEVEL = 0;
				GCC_PREPROCESSOR_DEFINITIONS = (
					"DEBUG=1",
					"$(inherited)",
				);
				GCC_WARN_64_TO_32_BIT_CONVERSION = YES;
				GCC_WARN_ABOUT_RETURN_TYPE = YES_ERROR;
				GCC_WARN_UNDECLARED_SELECTOR = YES;
				GCC_WARN_UNINITIALIZED_AUTOS = YES_AGGRESSIVE;
				GCC_WARN_UNUSED_FUNCTION = YES;
				GCC_WARN_UNUSED_VARIABLE = YES;
				IPHONEOS_DEPLOYMENT_TARGET = 11.0;
				MTL_ENABLE_DEBUG_INFO = YES;
				ONLY_ACTIVE_ARCH = YES;
				SDKROOT = iphoneos;
				SWIFT_ACTIVE_COMPILATION_CONDITIONS = DEBUG;
				SWIFT_OPTIMIZATION_LEVEL = "-Onone";
			};
			name = Debug;
		};
		81398A2E1F74A08F00FD8E43 /* Release */ = {
			isa = XCBuildConfiguration;
			buildSettings = {
				ALWAYS_SEARCH_USER_PATHS = NO;
				CLANG_ANALYZER_NONNULL = YES;
				CLANG_ANALYZER_NUMBER_OBJECT_CONVERSION = YES_AGGRESSIVE;
				CLANG_CXX_LANGUAGE_STANDARD = "gnu++14";
				CLANG_CXX_LIBRARY = "libc++";
				CLANG_ENABLE_MODULES = YES;
				CLANG_ENABLE_OBJC_ARC = YES;
				CLANG_WARN_BLOCK_CAPTURE_AUTORELEASING = YES;
				CLANG_WARN_BOOL_CONVERSION = YES;
				CLANG_WARN_COMMA = YES;
				CLANG_WARN_CONSTANT_CONVERSION = YES;
				CLANG_WARN_DIRECT_OBJC_ISA_USAGE = YES_ERROR;
				CLANG_WARN_DOCUMENTATION_COMMENTS = YES;
				CLANG_WARN_EMPTY_BODY = YES;
				CLANG_WARN_ENUM_CONVERSION = YES;
				CLANG_WARN_INFINITE_RECURSION = YES;
				CLANG_WARN_INT_CONVERSION = YES;
				CLANG_WARN_NON_LITERAL_NULL_CONVERSION = YES;
				CLANG_WARN_OBJC_LITERAL_CONVERSION = YES;
				CLANG_WARN_OBJC_ROOT_CLASS = YES_ERROR;
				CLANG_WARN_RANGE_LOOP_ANALYSIS = YES;
				CLANG_WARN_STRICT_PROTOTYPES = YES;
				CLANG_WARN_SUSPICIOUS_MOVE = YES;
				CLANG_WARN_UNGUARDED_AVAILABILITY = YES_AGGRESSIVE;
				CLANG_WARN_UNREACHABLE_CODE = YES;
				CLANG_WARN__DUPLICATE_METHOD_MATCH = YES;
				CODE_SIGN_IDENTITY = "iPhone Developer";
				COPY_PHASE_STRIP = NO;
				DEBUG_INFORMATION_FORMAT = "dwarf-with-dsym";
				ENABLE_NS_ASSERTIONS = NO;
				ENABLE_STRICT_OBJC_MSGSEND = YES;
				GCC_C_LANGUAGE_STANDARD = gnu11;
				GCC_NO_COMMON_BLOCKS = YES;
				GCC_WARN_64_TO_32_BIT_CONVERSION = YES;
				GCC_WARN_ABOUT_RETURN_TYPE = YES_ERROR;
				GCC_WARN_UNDECLARED_SELECTOR = YES;
				GCC_WARN_UNINITIALIZED_AUTOS = YES_AGGRESSIVE;
				GCC_WARN_UNUSED_FUNCTION = YES;
				GCC_WARN_UNUSED_VARIABLE = YES;
				IPHONEOS_DEPLOYMENT_TARGET = 11.0;
				MTL_ENABLE_DEBUG_INFO = NO;
				SDKROOT = iphoneos;
				SWIFT_OPTIMIZATION_LEVEL = "-Owholemodule";
				VALIDATE_PRODUCT = YES;
			};
			name = Release;
		};
		81398A301F74A08F00FD8E43 /* Debug */ = {
			isa = XCBuildConfiguration;
			baseConfigurationReference = 308E570D72C6CBE7E220CC53 /* Pods-Weather.debug.xcconfig */;
			buildSettings = {
				ASSETCATALOG_COMPILER_APPICON_NAME = AppIcon;
				CODE_SIGN_STYLE = Automatic;
				DEVELOPMENT_TEAM = 37L4U5MQG5;
				INFOPLIST_FILE = Weather/Info.plist;
				LD_RUNPATH_SEARCH_PATHS = "$(inherited) @executable_path/Frameworks";
				PRODUCT_BUNDLE_IDENTIFIER = Chao.Weather;
				PRODUCT_NAME = "$(TARGET_NAME)";
				SWIFT_VERSION = 4.0;
				TARGETED_DEVICE_FAMILY = "1,2";
			};
			name = Debug;
		};
		81398A311F74A08F00FD8E43 /* Release */ = {
			isa = XCBuildConfiguration;
			baseConfigurationReference = B7A678AD51F739F67DC22B02 /* Pods-Weather.release.xcconfig */;
			buildSettings = {
				ASSETCATALOG_COMPILER_APPICON_NAME = AppIcon;
				CODE_SIGN_STYLE = Automatic;
				DEVELOPMENT_TEAM = 37L4U5MQG5;
				INFOPLIST_FILE = Weather/Info.plist;
				LD_RUNPATH_SEARCH_PATHS = "$(inherited) @executable_path/Frameworks";
				PRODUCT_BUNDLE_IDENTIFIER = Chao.Weather;
				PRODUCT_NAME = "$(TARGET_NAME)";
				SWIFT_VERSION = 4.0;
				TARGETED_DEVICE_FAMILY = "1,2";
			};
			name = Release;
		};
		81398A331F74A08F00FD8E43 /* Debug */ = {
			isa = XCBuildConfiguration;
			baseConfigurationReference = F88FCA3CB0F73BD35232D9D2 /* Pods-WeatherTests.debug.xcconfig */;
			buildSettings = {
				ALWAYS_EMBED_SWIFT_STANDARD_LIBRARIES = YES;
				BUNDLE_LOADER = "$(TEST_HOST)";
				CODE_SIGN_STYLE = Automatic;
				DEVELOPMENT_TEAM = CK8PNQH368;
				INFOPLIST_FILE = WeatherTests/Info.plist;
				LD_RUNPATH_SEARCH_PATHS = "$(inherited) @executable_path/Frameworks @loader_path/Frameworks";
				PRODUCT_BUNDLE_IDENTIFIER = Chao.WeatherTests;
				PRODUCT_NAME = "$(TARGET_NAME)";
				SWIFT_VERSION = 4.0;
				TARGETED_DEVICE_FAMILY = "1,2";
				TEST_HOST = "$(BUILT_PRODUCTS_DIR)/Weather.app/Weather";
			};
			name = Debug;
		};
		81398A341F74A08F00FD8E43 /* Release */ = {
			isa = XCBuildConfiguration;
			baseConfigurationReference = 693F8F5C203819BCC4C698C4 /* Pods-WeatherTests.release.xcconfig */;
			buildSettings = {
				ALWAYS_EMBED_SWIFT_STANDARD_LIBRARIES = YES;
				BUNDLE_LOADER = "$(TEST_HOST)";
				CODE_SIGN_STYLE = Automatic;
				DEVELOPMENT_TEAM = CK8PNQH368;
				INFOPLIST_FILE = WeatherTests/Info.plist;
				LD_RUNPATH_SEARCH_PATHS = "$(inherited) @executable_path/Frameworks @loader_path/Frameworks";
				PRODUCT_BUNDLE_IDENTIFIER = Chao.WeatherTests;
				PRODUCT_NAME = "$(TARGET_NAME)";
				SWIFT_VERSION = 4.0;
				TARGETED_DEVICE_FAMILY = "1,2";
				TEST_HOST = "$(BUILT_PRODUCTS_DIR)/Weather.app/Weather";
			};
			name = Release;
		};
		81398A361F74A08F00FD8E43 /* Debug */ = {
			isa = XCBuildConfiguration;
			baseConfigurationReference = B9F915D30FC8E281A81BFFBA /* Pods-WeatherUITests.debug.xcconfig */;
			buildSettings = {
				ALWAYS_EMBED_SWIFT_STANDARD_LIBRARIES = YES;
				CODE_SIGN_STYLE = Automatic;
				DEVELOPMENT_TEAM = CK8PNQH368;
				INFOPLIST_FILE = WeatherUITests/Info.plist;
				LD_RUNPATH_SEARCH_PATHS = "$(inherited) @executable_path/Frameworks @loader_path/Frameworks";
				PRODUCT_BUNDLE_IDENTIFIER = Chao.WeatherUITests;
				PRODUCT_NAME = "$(TARGET_NAME)";
				SWIFT_VERSION = 4.0;
				TARGETED_DEVICE_FAMILY = "1,2";
				TEST_TARGET_NAME = Weather;
			};
			name = Debug;
		};
		81398A371F74A08F00FD8E43 /* Release */ = {
			isa = XCBuildConfiguration;
			baseConfigurationReference = D82D5FBC11466F0823AE3639 /* Pods-WeatherUITests.release.xcconfig */;
			buildSettings = {
				ALWAYS_EMBED_SWIFT_STANDARD_LIBRARIES = YES;
				CODE_SIGN_STYLE = Automatic;
				DEVELOPMENT_TEAM = CK8PNQH368;
				INFOPLIST_FILE = WeatherUITests/Info.plist;
				LD_RUNPATH_SEARCH_PATHS = "$(inherited) @executable_path/Frameworks @loader_path/Frameworks";
				PRODUCT_BUNDLE_IDENTIFIER = Chao.WeatherUITests;
				PRODUCT_NAME = "$(TARGET_NAME)";
				SWIFT_VERSION = 4.0;
				TARGETED_DEVICE_FAMILY = "1,2";
				TEST_TARGET_NAME = Weather;
			};
			name = Release;
		};
/* End XCBuildConfiguration section */

/* Begin XCConfigurationList section */
		813989FF1F74A08E00FD8E43 /* Build configuration list for PBXProject "Weather" */ = {
			isa = XCConfigurationList;
			buildConfigurations = (
				81398A2D1F74A08F00FD8E43 /* Debug */,
				81398A2E1F74A08F00FD8E43 /* Release */,
			);
			defaultConfigurationIsVisible = 0;
			defaultConfigurationName = Release;
		};
		81398A2F1F74A08F00FD8E43 /* Build configuration list for PBXNativeTarget "Weather" */ = {
			isa = XCConfigurationList;
			buildConfigurations = (
				81398A301F74A08F00FD8E43 /* Debug */,
				81398A311F74A08F00FD8E43 /* Release */,
			);
			defaultConfigurationIsVisible = 0;
			defaultConfigurationName = Release;
		};
		81398A321F74A08F00FD8E43 /* Build configuration list for PBXNativeTarget "WeatherTests" */ = {
			isa = XCConfigurationList;
			buildConfigurations = (
				81398A331F74A08F00FD8E43 /* Debug */,
				81398A341F74A08F00FD8E43 /* Release */,
			);
			defaultConfigurationIsVisible = 0;
			defaultConfigurationName = Release;
		};
		81398A351F74A08F00FD8E43 /* Build configuration list for PBXNativeTarget "WeatherUITests" */ = {
			isa = XCConfigurationList;
			buildConfigurations = (
				81398A361F74A08F00FD8E43 /* Debug */,
				81398A371F74A08F00FD8E43 /* Release */,
			);
			defaultConfigurationIsVisible = 0;
			defaultConfigurationName = Release;
		};
/* End XCConfigurationList section */

/* Begin XCVersionGroup section */
		81398A0E1F74A08E00FD8E43 /* Weather.xcdatamodeld */ = {
			isa = XCVersionGroup;
			children = (
				81398A0F1F74A08E00FD8E43 /* Weather.xcdatamodel */,
			);
			currentVersion = 81398A0F1F74A08E00FD8E43 /* Weather.xcdatamodel */;
			path = Weather.xcdatamodeld;
			sourceTree = "<group>";
			versionGroupType = wrapper.xcdatamodel;
		};
/* End XCVersionGroup section */
	};
	rootObject = 813989FC1F74A08E00FD8E43 /* Project object */;
}
